
Microsoft Visual Studio Solution File, Format Version 12.00
# Visual Studio Version 16
VisualStudioVersion = 16.0.31624.102
MinimumVisualStudioVersion = 10.0.40219.1
Project("{FAE04EC0-301F-11D3-BF4B-00C04F79EFBC}") = "TcLibraryVersions", "TcLibraryVersions\TcLibraryVersions.csproj", "{2A6CA195-AB17-4D9D-B0F3-E3A5BA360118}"
EndProject
Global
	GlobalSection(SolutionConfigurationPlatforms) = preSolution
		Debug|Any CPU = Debug|Any CPU
		Release|Any CPU = Release|Any CPU
	EndGlobalSection
	GlobalSection(ProjectConfigurationPlatforms) = postSolution
		{2A6CA195-AB17-4D9D-B0F3-E3A5BA360118}.Debug|Any CPU.ActiveCfg = Debug|Any CPU
		{2A6CA195-AB17-4D9D-B0F3-E3A5BA360118}.Debug|Any CPU.Build.0 = Debug|Any CPU
		{2A6CA195-AB17-4D9D-B0F3-E3A5BA360118}.Release|Any CPU.ActiveCfg = Release|Any CPU
		{2A6CA195-AB17-4D9D-B0F3-E3A5BA360118}.Release|Any CPU.Build.0 = Release|Any CPU
	EndGlobalSection
	GlobalSection(SolutionProperties) = preSolution
		HideSolutionNode = FALSE
	EndGlobalSection
	GlobalSection(ExtensibilityGlobals) = postSolution
		SolutionGuid = {425E99BC-4A40-4976-9AAC-1428FC29285C}
	EndGlobalSection
EndGlobal
